---
lockfileVersion: 1
lockfileVendor: redhat
arches:
- arch: x86_64
  packages:
  - url: https://cdn-ubi.redhat.com/content/public/ubi/dist/ubi9/9/x86_64/appstream/os/Packages/a/annobin-12.65-1.el9.x86_64.rpm
    repoid: ubi-9-appstream-rpms
    size: 1090130
    checksum: sha256:9cfe3427bef90b7c6b2cdfb3cb60182d8411fbc8f771c518d6aaffa3569d45eb
    name: annobin
    evr: 12.65-1.el9
    sourcerpm: annobin-12.65-1.el9.src.rpm
  - url: https://cdn-ubi.redhat.com/content/public/ubi/dist/ubi9/9/x86_64/appstream/os/Packages/c/checkpolicy-3.6-1.el9.x86_64.rpm
    repoid: ubi-9-appstream-rpms
    size: 365931
    checksum: sha256:3d12bc7e21276434108c97561f75d1854283afb73d4fface3b836acee09f8d98
    name: checkpolicy
    evr: 3.6-1.el9
    sourcerpm: checkpolicy-3.6-1.el9.src.rpm
  - url: https://cdn-ubi.redhat.com/content/public/ubi/dist/ubi9/9/x86_64/appstream/os/Packages/c/clang-18.1.8-3.el9.x86_64.rpm
    repoid: ubi-9-appstream-rpms
    size: 78155
    checksum: sha256:d3cba7ddce413485d4ee36e1d6dc50d92d730abf6f5a16e50b5dcf9ec61a2865
    name: clang
    evr: 18.1.8-3.el9
    sourcerpm: clang-18.1.8-3.el9.src.rpm
  - url: https://cdn-ubi.redhat.com/content/public/ubi/dist/ubi9/9/x86_64/appstream/os/Packages/c/clang-libs-18.1.8-3.el9.x86_64.rpm
    repoid: ubi-9-appstream-rpms
    size: 25146015
    checksum: sha256:cb792320144efd41a70fa0c0a061f9d86e146aac5bbccfdb8703466d6958deee
    name: clang-libs
    evr: 18.1.8-3.el9
    sourcerpm: clang-18.1.8-3.el9.src.rpm
  - url: https://cdn-ubi.redhat.com/content/public/ubi/dist/ubi9/9/x86_64/appstream/os/Packages/c/clang-resource-filesystem-18.1.8-3.el9.noarch.rpm
    repoid: ubi-9-appstream-rpms
    size: 12197
    checksum: sha256:f26859c1f8397b23f457427b79f1c18c70a0d0426ebb85c3473f2e174cefe88e
    name: clang-resource-filesystem
    evr: 18.1.8-3.el9
    sourcerpm: clang-18.1.8-3.el9.src.rpm
  - url: https://cdn-ubi.redhat.com/content/public/ubi/dist/ubi9/9/x86_64/appstream/os/Packages/c/compiler-rt-18.1.8-1.el9.x86_64.rpm
    repoid: ubi-9-appstream-rpms
    size: 2478654
    checksum: sha256:e5a1b9617fd01d3b88e028506fc721c1af812120c028b83c77514f48ae421cf5
    name: compiler-rt
    evr: 18.1.8-1.el9
    sourcerpm: compiler-rt-18.1.8-1.el9.src.rpm
  - url: https://cdn-ubi.redhat.com/content/public/ubi/dist/ubi9/9/x86_64/appstream/os/Packages/c/cpp-11.5.0-5.el9_5.x86_64.rpm
    repoid: ubi-9-appstream-rpms
    size: 11229073
    checksum: sha256:b5567c690d46d4f5a2cb13be6a4f962dbe8cc7e821b9d3baa09a4f10c59014d9
    name: cpp
    evr: 11.5.0-5.el9_5
    sourcerpm: gcc-11.5.0-5.el9_5.src.rpm
  - url: https://cdn-ubi.redhat.com/content/public/ubi/dist/ubi9/9/x86_64/appstream/os/Packages/g/gcc-11.5.0-5.el9_5.x86_64.rpm
    repoid: ubi-9-appstream-rpms
    size: 34006000
    checksum: sha256:03c99bc1021dbe54dd93120ed6b5249bbb02dbd5da9e0dc5d8c4a21d674fb1fd
    name: gcc
    evr: 11.5.0-5.el9_5
    sourcerpm: gcc-11.5.0-5.el9_5.src.rpm
  - url: https://cdn-ubi.redhat.com/content/public/ubi/dist/ubi9/9/x86_64/appstream/os/Packages/g/gcc-c++-11.5.0-5.el9_5.x86_64.rpm
    repoid: ubi-9-appstream-rpms
    size: 13479598
    checksum: sha256:b8392274e302d665bc132aee4ed023f8a777d9c446531679ede18150d7867189
    name: gcc-c++
    evr: 11.5.0-5.el9_5
    sourcerpm: gcc-11.5.0-5.el9_5.src.rpm
  - url: https://cdn-ubi.redhat.com/content/public/ubi/dist/ubi9/9/x86_64/appstream/os/Packages/g/gcc-toolset-13-binutils-2.40-21.el9.x86_64.rpm
    repoid: ubi-9-appstream-rpms
    size: 6035750
    checksum: sha256:b808432cf1d7c564280fda2e1c8382d5901af838f8d6ab8d91e5d1a37c2f4a9c
    name: gcc-toolset-13-binutils
    evr: 2.40-21.el9
    sourcerpm: gcc-toolset-13-binutils-2.40-21.el9.src.rpm
  - url: https://cdn-ubi.redhat.com/content/public/ubi/dist/ubi9/9/x86_64/appstream/os/Packages/g/gcc-toolset-13-binutils-gold-2.40-21.el9.x86_64.rpm
    repoid: ubi-9-appstream-rpms
    size: 850981
    checksum: sha256:c5fe9671a394bd445be2ae42837e228eedb1ee327365bf04a4d94404b24b7801
    name: gcc-toolset-13-binutils-gold
    evr: 2.40-21.el9
    sourcerpm: gcc-toolset-13-binutils-2.40-21.el9.src.rpm
  - url: https://cdn-ubi.redhat.com/content/public/ubi/dist/ubi9/9/x86_64/appstream/os/Packages/g/gcc-toolset-13-gcc-13.3.1-2.2.el9_5.x86_64.rpm
    repoid: ubi-9-appstream-rpms
    size: 45344779
    checksum: sha256:6a726329c7d786a6eb9955512a5ad78fc9086a09c92991563d83123b60c282dd
    name: gcc-toolset-13-gcc
    evr: 13.3.1-2.2.el9_5
    sourcerpm: gcc-toolset-13-gcc-13.3.1-2.2.el9_5.src.rpm
  - url: https://cdn-ubi.redhat.com/content/public/ubi/dist/ubi9/9/x86_64/appstream/os/Packages/g/gcc-toolset-13-gcc-c++-13.3.1-2.2.el9_5.x86_64.rpm
    repoid: ubi-9-appstream-rpms
    size: 14214789
    checksum: sha256:f660ccd8a005598017d572a625e76c5132062ee43365dfee7cf2ee632845df16
    name: gcc-toolset-13-gcc-c++
    evr: 13.3.1-2.2.el9_5
    sourcerpm: gcc-toolset-13-gcc-13.3.1-2.2.el9_5.src.rpm
  - url: https://cdn-ubi.redhat.com/content/public/ubi/dist/ubi9/9/x86_64/appstream/os/Packages/g/gcc-toolset-13-libstdc++-devel-13.3.1-2.2.el9_5.x86_64.rpm
    repoid: ubi-9-appstream-rpms
    size: 3689972
    checksum: sha256:3eb1f9956ff301f76cd4851fa33c5e3adc3a46b32f1ff24780f7fd3399d5b1c3
    name: gcc-toolset-13-libstdc++-devel
    evr: 13.3.1-2.2.el9_5
    sourcerpm: gcc-toolset-13-gcc-13.3.1-2.2.el9_5.src.rpm
  - url: https://cdn-ubi.redhat.com/content/public/ubi/dist/ubi9/9/x86_64/appstream/os/Packages/g/gcc-toolset-13-runtime-13.0-2.el9.x86_64.rpm
    repoid: ubi-9-appstream-rpms
    size: 63636
    checksum: sha256:0061a02187dbbdfd6da659c98749693bce4da02be8d4d9827a8d1fa867610e9d
    name: gcc-toolset-13-runtime
    evr: 13.0-2.el9
    sourcerpm: gcc-toolset-13-13.0-2.el9.src.rpm
  - url: https://cdn-ubi.redhat.com/content/public/ubi/dist/ubi9/9/x86_64/appstream/os/Packages/g/glibc-devel-2.34-125.el9_5.1.x86_64.rpm
    repoid: ubi-9-appstream-rpms
    size: 38332
    checksum: sha256:7ad500371d5034800ab8f5c6b4dd896801b1a97baa6a57bc6c982787afff2b20
    name: glibc-devel
    evr: 2.34-125.el9_5.1
    sourcerpm: glibc-2.34-125.el9_5.1.src.rpm
  - url: https://cdn-ubi.redhat.com/content/public/ubi/dist/ubi9/9/x86_64/appstream/os/Packages/g/glibc-headers-2.34-125.el9_5.1.x86_64.rpm
    repoid: ubi-9-appstream-rpms
    size: 556355
    checksum: sha256:16c84102b4457fc60ab9e46fd235bed4c9ac9dddf5cfeae3df51a5f00ce2dd5e
    name: glibc-headers
    evr: 2.34-125.el9_5.1
    sourcerpm: glibc-2.34-125.el9_5.1.src.rpm
  - url: https://cdn-ubi.redhat.com/content/public/ubi/dist/ubi9/9/x86_64/appstream/os/Packages/k/kernel-headers-5.14.0-503.26.1.el9_5.x86_64.rpm
    repoid: ubi-9-appstream-rpms
    size: 3929365
    checksum: sha256:e3f6f637b01b759feb82ec8604552afb1c1d455381e06da7080bd666ebc45d68
    name: kernel-headers
    evr: 5.14.0-503.26.1.el9_5
    sourcerpm: kernel-5.14.0-503.26.1.el9_5.src.rpm
  - url: https://cdn-ubi.redhat.com/content/public/ubi/dist/ubi9/9/x86_64/appstream/os/Packages/l/libmpc-1.2.1-4.el9.x86_64.rpm
    repoid: ubi-9-appstream-rpms
    size: 66075
    checksum: sha256:b97b4e98c3c6f41dcfc2ceb4ffa1aba7a338b7cfd9e6c4f63e3160dd3cc033d3
    name: libmpc
    evr: 1.2.1-4.el9
    sourcerpm: libmpc-1.2.1-4.el9.src.rpm
  - url: https://cdn-ubi.redhat.com/content/public/ubi/dist/ubi9/9/x86_64/appstream/os/Packages/l/libomp-18.1.8-1.el9.x86_64.rpm
    repoid: ubi-9-appstream-rpms
    size: 687666
    checksum: sha256:a2973cda446e20e6b9cefed695d0a3173a248d8294863a97119f9591bec5f67b
    name: libomp
    evr: 18.1.8-1.el9
    sourcerpm: libomp-18.1.8-1.el9.src.rpm
  - url: https://cdn-ubi.redhat.com/content/public/ubi/dist/ubi9/9/x86_64/appstream/os/Packages/l/libomp-devel-18.1.8-1.el9.x86_64.rpm
    repoid: ubi-9-appstream-rpms
    size: 497254
    checksum: sha256:8a6566f0acab7da71459ddab00551120c6e755ceb8b841f8e30a5efb8282f07a
    name: libomp-devel
    evr: 18.1.8-1.el9
    sourcerpm: libomp-18.1.8-1.el9.src.rpm
  - url: https://cdn-ubi.redhat.com/content/public/ubi/dist/ubi9/9/x86_64/appstream/os/Packages/l/libstdc++-devel-11.5.0-5.el9_5.x86_64.rpm
    repoid: ubi-9-appstream-rpms
    size: 2531717
    checksum: sha256:84695eeeb1daa8ff74baf7efd9fc57fb136bec7e8a2ca56c105be6d83ec22d07
    name: libstdc++-devel
    evr: 11.5.0-5.el9_5
    sourcerpm: gcc-11.5.0-5.el9_5.src.rpm
  - url: https://cdn-ubi.redhat.com/content/public/ubi/dist/ubi9/9/x86_64/appstream/os/Packages/l/libxcrypt-devel-4.4.18-3.el9.x86_64.rpm
    repoid: ubi-9-appstream-rpms
    size: 33101
    checksum: sha256:c1d171391a7d2e043a6953efd3df3e01edc9b4c6cdb54517e1608d204a5fce18
    name: libxcrypt-devel
    evr: 4.4.18-3.el9
    sourcerpm: libxcrypt-4.4.18-3.el9.src.rpm
  - url: https://cdn-ubi.redhat.com/content/public/ubi/dist/ubi9/9/x86_64/appstream/os/Packages/l/llvm-18.1.8-3.el9.x86_64.rpm
    repoid: ubi-9-appstream-rpms
    size: 25016719
    checksum: sha256:4d1d39986fa59f88021761336a45050172d1214263623fc76e6d1a53f76a44fe
    name: llvm
    evr: 18.1.8-3.el9
    sourcerpm: llvm-18.1.8-3.el9.src.rpm
  - url: https://cdn-ubi.redhat.com/content/public/ubi/dist/ubi9/9/x86_64/appstream/os/Packages/l/llvm-libs-18.1.8-3.el9.x86_64.rpm
    repoid: ubi-9-appstream-rpms
    size: 27114350
    checksum: sha256:9ea68fe509d5adf70fc797d689046fae6ddc073f91940a4198ff25aeb489ad04
    name: llvm-libs
    evr: 18.1.8-3.el9
    sourcerpm: llvm-18.1.8-3.el9.src.rpm
  - url: https://cdn-ubi.redhat.com/content/public/ubi/dist/ubi9/9/x86_64/appstream/os/Packages/o/openssl-devel-3.2.2-6.el9_5.1.x86_64.rpm
    repoid: ubi-9-appstream-rpms
    size: 4650823
    checksum: sha256:30cd1b3dec089a7da71e9167532693bef7c202a5dbe3c010af2a9387106a0b36
    name: openssl-devel
    evr: 1:3.2.2-6.el9_5.1
    sourcerpm: openssl-3.2.2-6.el9_5.1.src.rpm
  - url: https://cdn-ubi.redhat.com/content/public/ubi/dist/ubi9/9/x86_64/appstream/os/Packages/p/policycoreutils-python-utils-3.6-2.1.el9.noarch.rpm
    repoid: ubi-9-appstream-rpms
    size: 82931
    checksum: sha256:fcbe07b75cd10b0a2752d558a8b7750cb13b59473439701d8c568195f05c3805
    name: policycoreutils-python-utils
    evr: 3.6-2.1.el9
    sourcerpm: policycoreutils-3.6-2.1.el9.src.rpm
  - url: https://cdn-ubi.redhat.com/content/public/ubi/dist/ubi9/9/x86_64/appstream/os/Packages/p/python3-audit-3.1.5-1.el9.x86_64.rpm
    repoid: ubi-9-appstream-rpms
    size: 87632
    checksum: sha256:93dd7a77ab7c2bbc0b1ef7ec9714ea83018fbf0ce019bd65c2650c4abfbaad34
    name: python3-audit
    evr: 3.1.5-1.el9
    sourcerpm: audit-3.1.5-1.el9.src.rpm
  - url: https://cdn-ubi.redhat.com/content/public/ubi/dist/ubi9/9/x86_64/appstream/os/Packages/p/python3-distro-1.5.0-7.el9.noarch.rpm
    repoid: ubi-9-appstream-rpms
    size: 41452
    checksum: sha256:5cf4276217a72649895226707d4c0e3edd6ea64b66702793fab3907177c73069
    name: python3-distro
    evr: 1.5.0-7.el9
    sourcerpm: python-distro-1.5.0-7.el9.src.rpm
  - url: https://cdn-ubi.redhat.com/content/public/ubi/dist/ubi9/9/x86_64/appstream/os/Packages/p/python3-libselinux-3.6-1.el9.x86_64.rpm
    repoid: ubi-9-appstream-rpms
    size: 197070
    checksum: sha256:84aff2ff0c48ca4f5d77223db53a26a16c273b03a9674a2608e1db5d8cd32710
    name: python3-libselinux
    evr: 3.6-1.el9
    sourcerpm: libselinux-3.6-1.el9.src.rpm
  - url: https://cdn-ubi.redhat.com/content/public/ubi/dist/ubi9/9/x86_64/appstream/os/Packages/p/python3-libsemanage-3.6-2.1.el9_5.x86_64.rpm
    repoid: ubi-9-appstream-rpms
    size: 82828
    checksum: sha256:b7f5d62cbb163b3c13f0db87e326dc3937d206b9c22732dc75de3b7fae32248e
    name: python3-libsemanage
    evr: 3.6-2.1.el9_5
    sourcerpm: libsemanage-3.6-2.1.el9_5.src.rpm
  - url: https://cdn-ubi.redhat.com/content/public/ubi/dist/ubi9/9/x86_64/appstream/os/Packages/p/python3-policycoreutils-3.6-2.1.el9.noarch.rpm
    repoid: ubi-9-appstream-rpms
    size: 2216589
    checksum: sha256:7dbe7be855cc83e372add890e9e0c5256ef57132d9731b5db204c425bf21b194
    name: python3-policycoreutils
    evr: 3.6-2.1.el9
    sourcerpm: policycoreutils-3.6-2.1.el9.src.rpm
  - url: https://cdn-ubi.redhat.com/content/public/ubi/dist/ubi9/9/x86_64/appstream/os/Packages/s/scl-utils-2.0.3-4.el9.x86_64.rpm
    repoid: ubi-9-appstream-rpms
    size: 42223
    checksum: sha256:164d245bec95c7dcbba881fd88ee567bc6d5859329c91ae05a6ad5429700bdbc
    name: scl-utils
    evr: 1:2.0.3-4.el9
    sourcerpm: scl-utils-2.0.3-4.el9.src.rpm
  - url: https://cdn-ubi.redhat.com/content/public/ubi/dist/ubi9/9/x86_64/appstream/os/Packages/w/wget-1.21.1-8.el9_4.x86_64.rpm
    repoid: ubi-9-appstream-rpms
    size: 807555
    checksum: sha256:a5366a624f63487a0cfc5fc2fe15148d6c31be27c80cf00815f25324e3d0d729
    name: wget
    evr: 1.21.1-8.el9_4
    sourcerpm: wget-1.21.1-8.el9_4.src.rpm
  - url: https://cdn-ubi.redhat.com/content/public/ubi/dist/ubi9/9/x86_64/baseos/os/Packages/b/binutils-2.35.2-54.el9.x86_64.rpm
    repoid: ubi-9-baseos-rpms
    size: 4816328
    checksum: sha256:58286130e67839b931412baa9cb1efcb42d02dc3d1b84caed2ba711773c47ec9
    name: binutils
    evr: 2.35.2-54.el9
    sourcerpm: binutils-2.35.2-54.el9.src.rpm
  - url: https://cdn-ubi.redhat.com/content/public/ubi/dist/ubi9/9/x86_64/baseos/os/Packages/b/binutils-gold-2.35.2-54.el9.x86_64.rpm
    repoid: ubi-9-baseos-rpms
    size: 752302
    checksum: sha256:44ace5e347a8aaad0ae8a449c5d87f69314def94b45bbd1a22a6bd827b549d95
    name: binutils-gold
    evr: 2.35.2-54.el9
    sourcerpm: binutils-2.35.2-54.el9.src.rpm
  - url: https://cdn-ubi.redhat.com/content/public/ubi/dist/ubi9/9/x86_64/baseos/os/Packages/d/diffutils-3.7-12.el9.x86_64.rpm
    repoid: ubi-9-baseos-rpms
    size: 411559
    checksum: sha256:2d4c4fdfc10215af3c957c24995b79a26e27e6d76de4ed1f5198d25bf7ef9671
    name: diffutils
    evr: 3.7-12.el9
    sourcerpm: diffutils-3.7-12.el9.src.rpm
  - url: https://cdn-ubi.redhat.com/content/public/ubi/dist/ubi9/9/x86_64/baseos/os/Packages/e/elfutils-debuginfod-client-0.191-4.el9.x86_64.rpm
    repoid: ubi-9-baseos-rpms
    size: 39913
    checksum: sha256:9c26ab1eea196541d9cde34a96acbf8647746ccd0447ad353dec5ec4225826a5
    name: elfutils-debuginfod-client
    evr: 0.191-4.el9
    sourcerpm: elfutils-0.191-4.el9.src.rpm
  - url: https://cdn-ubi.redhat.com/content/public/ubi/dist/ubi9/9/x86_64/baseos/os/Packages/e/environment-modules-5.3.0-1.el9.x86_64.rpm
    repoid: ubi-9-baseos-rpms
    size: 605644
    checksum: sha256:0bf2c48686d2c9f4d0f4d2cbe80a64f7d3c26559dd3cf6ca798a6615407a58ae
    name: environment-modules
    evr: 5.3.0-1.el9
    sourcerpm: environment-modules-5.3.0-1.el9.src.rpm
  - url: https://cdn-ubi.redhat.com/content/public/ubi/dist/ubi9/9/x86_64/baseos/os/Packages/g/groff-base-1.22.4-10.el9.x86_64.rpm
    repoid: ubi-9-baseos-rpms
    size: 1133828
    checksum: sha256:4d8ff13569b3b231b3fb847e9e22615c6e08215d1f2c0c78eac2e345b9efd394
    name: groff-base
    evr: 1.22.4-10.el9
    sourcerpm: groff-1.22.4-10.el9.src.rpm
  - url: https://cdn-ubi.redhat.com/content/public/ubi/dist/ubi9/9/x86_64/baseos/os/Packages/j/jansson-2.14-1.el9.x86_64.rpm
    repoid: ubi-9-baseos-rpms
    size: 49137
    checksum: sha256:4e9aec51ee46d7265d6edd1245b5d5ab5e8336dc2a4ca17f2cace2ce8bae3761
    name: jansson
    evr: 2.14-1.el9
    sourcerpm: jansson-2.14-1.el9.src.rpm
  - url: https://cdn-ubi.redhat.com/content/public/ubi/dist/ubi9/9/x86_64/baseos/os/Packages/l/less-590-5.el9.x86_64.rpm
    repoid: ubi-9-baseos-rpms
    size: 170758
    checksum: sha256:a726061c966a134a5e5b42b60e4162ee85a2cef8843b6fd28e08264ceebb54f4
    name: less
    evr: 590-5.el9
    sourcerpm: less-590-5.el9.src.rpm
  - url: https://cdn-ubi.redhat.com/content/public/ubi/dist/ubi9/9/x86_64/baseos/os/Packages/l/libatomic-11.5.0-5.el9_5.x86_64.rpm
    repoid: ubi-9-baseos-rpms
    size: 28095
    checksum: sha256:f319f76d1b4f3c82cc2cf8eee5b3c170a1d6f5c1c72d7790141307159572578a
    name: libatomic
    evr: 11.5.0-5.el9_5
    sourcerpm: gcc-11.5.0-5.el9_5.src.rpm
  - url: https://cdn-ubi.redhat.com/content/public/ubi/dist/ubi9/9/x86_64/baseos/os/Packages/l/libedit-3.1-38.20210216cvs.el9.x86_64.rpm
    repoid: ubi-9-baseos-rpms
    size: 109330
    checksum: sha256:9e41ff5754a5dca1308adf9617828934d56cb60d8d08f128f80e4328f69bc78c
    name: libedit
    evr: 3.1-38.20210216cvs.el9
    sourcerpm: libedit-3.1-38.20210216cvs.el9.src.rpm
  - url: https://cdn-ubi.redhat.com/content/public/ubi/dist/ubi9/9/x86_64/baseos/os/Packages/l/libpipeline-1.5.3-4.el9.x86_64.rpm
    repoid: ubi-9-baseos-rpms
    size: 52912
    checksum: sha256:c972030a8fbaa2d981f0e5fdfc42d6d5173dd047c94d86ab7732e3e53fc4e97a
    name: libpipeline
    evr: 1.5.3-4.el9
    sourcerpm: libpipeline-1.5.3-4.el9.src.rpm
  - url: https://cdn-ubi.redhat.com/content/public/ubi/dist/ubi9/9/x86_64/baseos/os/Packages/l/libpkgconf-1.7.3-10.el9.x86_64.rpm
    repoid: ubi-9-baseos-rpms
    size: 38387
    checksum: sha256:4feae5941b73640bd86b8d506a657cac5b770043db1464fbcd207721b2159dda
    name: libpkgconf
    evr: 1.7.3-10.el9
    sourcerpm: pkgconf-1.7.3-10.el9.src.rpm
  - url: https://cdn-ubi.redhat.com/content/public/ubi/dist/ubi9/9/x86_64/baseos/os/Packages/l/libpsl-0.21.1-5.el9.x86_64.rpm
    repoid: ubi-9-baseos-rpms
    size: 67454
    checksum: sha256:ad1a62ef07682bb64a476c1a49f5cfc7abc9beb44775e7e511bf737e9a6bf99d
    name: libpsl
    evr: 0.21.1-5.el9
    sourcerpm: libpsl-0.21.1-5.el9.src.rpm
  - url: https://cdn-ubi.redhat.com/content/public/ubi/dist/ubi9/9/x86_64/baseos/os/Packages/l/libselinux-utils-3.6-1.el9.x86_64.rpm
    repoid: ubi-9-baseos-rpms
    size: 198772
    checksum: sha256:479229e7c3d8cb005dafd637b2973fbee0bb507cfed8e72f7076318513200abd
    name: libselinux-utils
    evr: 3.6-1.el9
    sourcerpm: libselinux-3.6-1.el9.src.rpm
  - url: https://cdn-ubi.redhat.com/content/public/ubi/dist/ubi9/9/x86_64/baseos/os/Packages/m/make-4.3-8.el9.x86_64.rpm
    repoid: ubi-9-baseos-rpms
    size: 553896
    checksum: sha256:561f0c2251e9217c81a6c88de4d2d9231a039aaab37e8a0d2559d36ce9fa85fd
    name: make
    evr: 1:4.3-8.el9
    sourcerpm: make-4.3-8.el9.src.rpm
  - url: https://cdn-ubi.redhat.com/content/public/ubi/dist/ubi9/9/x86_64/baseos/os/Packages/m/man-db-2.9.3-7.el9.x86_64.rpm
    repoid: ubi-9-baseos-rpms
    size: 1245006
    checksum: sha256:1eb7770a27102f59012f704e90aa04b130ab4f46fec983a7441ec9e8810f2da4
    name: man-db
    evr: 2.9.3-7.el9
    sourcerpm: man-db-2.9.3-7.el9.src.rpm
  - url: https://cdn-ubi.redhat.com/content/public/ubi/dist/ubi9/9/x86_64/baseos/os/Packages/p/pkgconf-1.7.3-10.el9.x86_64.rpm
    repoid: ubi-9-baseos-rpms
    size: 45675
    checksum: sha256:bb47b4ecc499c308f41031a99e723827d152d5d750f59849d0c265d820944a26
    name: pkgconf
    evr: 1.7.3-10.el9
    sourcerpm: pkgconf-1.7.3-10.el9.src.rpm
  - url: https://cdn-ubi.redhat.com/content/public/ubi/dist/ubi9/9/x86_64/baseos/os/Packages/p/pkgconf-m4-1.7.3-10.el9.noarch.rpm
    repoid: ubi-9-baseos-rpms
    size: 16054
    checksum: sha256:91bafd6e06099451f60288327b275cfcc651822f6145176a157c6b0fa5131e02
    name: pkgconf-m4
    evr: 1.7.3-10.el9
    sourcerpm: pkgconf-1.7.3-10.el9.src.rpm
  - url: https://cdn-ubi.redhat.com/content/public/ubi/dist/ubi9/9/x86_64/baseos/os/Packages/p/pkgconf-pkg-config-1.7.3-10.el9.x86_64.rpm
    repoid: ubi-9-baseos-rpms
    size: 12438
    checksum: sha256:9a502d81d73d3303ceb53a06ad7ce525c97117ea64352174a33708bf3429283d
    name: pkgconf-pkg-config
    evr: 1.7.3-10.el9
    sourcerpm: pkgconf-1.7.3-10.el9.src.rpm
  - url: https://cdn-ubi.redhat.com/content/public/ubi/dist/ubi9/9/x86_64/baseos/os/Packages/p/policycoreutils-3.6-2.1.el9.x86_64.rpm
    repoid: ubi-9-baseos-rpms
    size: 251967
    checksum: sha256:8dcd39960d3103f7a4ad2b9f7a0e15469ebf4da98f6c215cddfffdb830dc12b5
    name: policycoreutils
    evr: 3.6-2.1.el9
    sourcerpm: policycoreutils-3.6-2.1.el9.src.rpm
  - url: https://cdn-ubi.redhat.com/content/public/ubi/dist/ubi9/9/x86_64/baseos/os/Packages/p/procps-ng-3.3.17-14.el9.x86_64.rpm
    repoid: ubi-9-baseos-rpms
    size: 361526
    checksum: sha256:506ad778f63821e8d9647ca8e0a3ff21b8af9c1666060d5200f9b26ee718333c
    name: procps-ng
    evr: 3.3.17-14.el9
    sourcerpm: procps-ng-3.3.17-14.el9.src.rpm
  - url: https://cdn-ubi.redhat.com/content/public/ubi/dist/ubi9/9/x86_64/baseos/os/Packages/p/publicsuffix-list-dafsa-20210518-3.el9.noarch.rpm
    repoid: ubi-9-baseos-rpms
    size: 60882
    checksum: sha256:e6ec3390a736b085f403168c512a6b2b6f8e12a8fd5a4459f1c7dbbff2b67c33
    name: publicsuffix-list-dafsa
    evr: 20210518-3.el9
    sourcerpm: publicsuffix-list-20210518-3.el9.src.rpm
  - url: https://cdn-ubi.redhat.com/content/public/ubi/dist/ubi9/9/x86_64/baseos/os/Packages/p/python3-setools-4.4.4-1.el9.x86_64.rpm
    repoid: ubi-9-baseos-rpms
    size: 623460
    checksum: sha256:91946d729d2b03b4abe1c43962f22d110468db0163241cda7b1d549c615d0261
    name: python3-setools
    evr: 4.4.4-1.el9
    sourcerpm: setools-4.4.4-1.el9.src.rpm
  - url: https://cdn-ubi.redhat.com/content/public/ubi/dist/ubi9/9/x86_64/baseos/os/Packages/t/tcl-8.6.10-7.el9.x86_64.rpm
    repoid: ubi-9-baseos-rpms
    size: 1152092
    checksum: sha256:2062dce4bed26d3684de4dad68f32307ebacf5c7d50d3aa7bf6470e66fb36df5
    name: tcl
    evr: 1:8.6.10-7.el9
    sourcerpm: tcl-8.6.10-7.el9.src.rpm
  - url: https://cdn-ubi.redhat.com/content/public/ubi/dist/ubi9/9/x86_64/baseos/os/Packages/v/vim-filesystem-8.2.2637-21.el9.noarch.rpm
    repoid: ubi-9-baseos-rpms
    size: 17783
    checksum: sha256:a9fce2685b6dfe72b19ca93b274ff1ce709d14e6a8eb48eec5cd4a0d8205015b
    name: vim-filesystem
    evr: 2:8.2.2637-21.el9
    sourcerpm: vim-8.2.2637-21.el9.src.rpm
  source: []
  module_metadata: []
